{
  "version": 4,
  "terraform_version": "1.9.8",
  "serial": 48,
  "lineage": "f2f06c39-56fb-b345-e474-f208fc679494",
  "outputs": {},
  "resources": [
    {
      "mode": "data",
      "type": "aws_eks_cluster",
      "name": "topcon-dev",
      "provider": "provider[\"registry.terraform.io/hashicorp/aws\"]",
      "instances": [
        {
          "schema_version": 0,
          "attributes": {
            "access_config": [
              {
                "authentication_mode": "API_AND_CONFIG_MAP",
                "bootstrap_cluster_creator_admin_permissions": true
              }
            ],
            "arn": "arn:aws:eks:eu-west-1:881490094297:cluster/topcon-challenge-dev",
            "certificate_authority": [
              {
                "data": "LS0tLS1CRUdJTiBDRVJUSUZJQ0FURS0tLS0tCk1JSURCVENDQWUyZ0F3SUJBZ0lJWldHZXpDZHdYVmN3RFFZSktvWklodmNOQVFFTEJRQXdGVEVUTUJFR0ExVUUKQXhNS2EzVmlaWEp1WlhSbGN6QWVGdzB5TkRFeU1EWXdPVE13TURKYUZ3MHpOREV5TURRd09UTTFNREphTUJVeApFekFSQmdOVkJBTVRDbXQxWW1WeWJtVjBaWE13Z2dFaU1BMEdDU3FHU0liM0RRRUJBUVVBQTRJQkR3QXdnZ0VLCkFvSUJBUURyQ1RlVUQzY2xab3JuajRWaDdrNmI5a1lvdlZxMkR4MEZRZkl3RFZSRnVsQWhjOGM4bEpPeUkzQWIKclkzVGNTNENjaS9iTEVIR0hKS2dBbGd4VEpONDhDQk1TeHN0d3RpWlVwRlNySW1OQzhxU20vSit2UVd5WnRNSwpybnQzTHBlTE9TWVY4SFU0U2kxZEJTRnNrcVB1YmdhSzlaQlF1NDNMSFFMUU5KaUlXSnBnc2lxWHR4M21YUzZxClFEblloOU5aYUcxRWdpZ21mLzlOemZPMTgvcnJRQVltZmU4SzREbVJINFpFUGhKbGw1djIvdEtWMWZra1dqWkgKVFhoT00zUjJxVTBlSWNQOFNoc3R5LzBUWDllS096T0hQcWUycTNFdGtBNkhmRlE4dVd4MzI2Z0EyOEo5aFE1dQo3ZWRyR3ZPZklOKzlnSzYzNmdkYytlaUNUeUtyQWdNQkFBR2pXVEJYTUE0R0ExVWREd0VCL3dRRUF3SUNwREFQCkJnTlZIUk1CQWY4RUJUQURBUUgvTUIwR0ExVWREZ1FXQkJSY0crQXZGUFdvWHRwRG9TT1p5MS8rZk90elZEQVYKQmdOVkhSRUVEakFNZ2dwcmRXSmxjbTVsZEdWek1BMEdDU3FHU0liM0RRRUJDd1VBQTRJQkFRQ3poZnB0UjBCdAo3aTVWaStRTGg5Q2d4WTlJK2Q4bkZEcXBoSUlwTGgveVFRNTgyVVRPdGd5MVVkdGZJYkRyT0QvY0N5RkR3U1dVCmVsTFkxTVh3djF0S3BST1BEb2JDVHFYdDBxY1YvNFpCY2dQdjdYc2kxZDVrZkczdytnYXdtM0VrZDVFZUpyVDQKZGQ0M3JXTWhMcmJ5V0RqUCs4ZzRsN29vTnY4c1RIZ2xwcFgvajlvU0xNaGkrZEF1RGRQdUtoRjEvRFo3V3VCeQpuTjNQeml1NkI4TVlzcGloQ2dWZ21NMSttM1JVUjlnQkpDZmU1ZWR3NnBnd3U4dEROVHc0MU8waXZxVnh2YWJSCmM5eW9Yenl2OXA5ZlpBTk1YY0U1UDNyaVk0emNzMSttY0MwMXI3L05DcnVlZm43MUsyZy9yZWhDZHlyOWpRd0QKaHl6NkJsekcxV2pkCi0tLS0tRU5EIENFUlRJRklDQVRFLS0tLS0K"
              }
            ],
            "cluster_id": null,
            "compute_config": [],
            "created_at": "2024-12-06T09:30:02Z",
            "enabled_cluster_log_types": [
              "api",
              "audit",
              "authenticator"
            ],
            "endpoint": "https://C172E9DBF83EE4014801B46F98BCC21C.gr7.eu-west-1.eks.amazonaws.com",
            "id": "topcon-challenge-dev",
            "identity": [
              {
                "oidc": [
                  {
                    "issuer": "https://oidc.eks.eu-west-1.amazonaws.com/id/C172E9DBF83EE4014801B46F98BCC21C"
                  }
                ]
              }
            ],
            "kubernetes_network_config": [
              {
                "elastic_load_balancing": [
                  {
                    "enabled": false
                  }
                ],
                "ip_family": "ipv4",
                "service_ipv4_cidr": "172.20.0.0/16",
                "service_ipv6_cidr": ""
              }
            ],
            "name": "topcon-challenge-dev",
            "outpost_config": [],
            "platform_version": "eks.12",
            "remote_network_config": [],
            "role_arn": "arn:aws:iam::881490094297:role/topcon-challenge-dev-cluster-20241206092937690800000001",
            "status": "ACTIVE",
            "storage_config": [],
            "tags": {
              "Env": "dev",
              "Service": "topcon-challenge",
              "terraform-aws-modules": "eks"
            },
            "upgrade_policy": [
              {
                "support_type": "EXTENDED"
              }
            ],
            "version": "1.31",
            "vpc_config": [
              {
                "cluster_security_group_id": "sg-048f5349880df677f",
                "endpoint_private_access": true,
                "endpoint_public_access": true,
                "public_access_cidrs": [
                  "0.0.0.0/0"
                ],
                "security_group_ids": [
                  "sg-0612caee3f09f10a0"
                ],
                "subnet_ids": [
                  "subnet-0111a9dfce7a114bf",
                  "subnet-06aa635c5218a9949",
                  "subnet-0fe412eb029082f38"
                ],
                "vpc_id": "vpc-07db256f950996028"
              }
            ],
            "zonal_shift_config": []
          },
          "sensitive_attributes": []
        }
      ]
    },
    {
      "mode": "data",
      "type": "aws_iam_role",
      "name": "cluster-autoscaler",
      "provider": "provider[\"registry.terraform.io/hashicorp/aws\"]",
      "instances": [
        {
          "schema_version": 0,
          "attributes": {
            "arn": "arn:aws:iam::881490094297:role/cluster-autoscaler",
            "assume_role_policy": "{\"Version\":\"2012-10-17\",\"Statement\":[{\"Effect\":\"Allow\",\"Principal\":{\"Federated\":\"arn:aws:iam::881490094297:oidc-provider/oidc.eks.eu-west-1.amazonaws.com/id/C172E9DBF83EE4014801B46F98BCC21C\"},\"Action\":\"sts:AssumeRoleWithWebIdentity\",\"Condition\":{\"StringEquals\":{\"oidc.eks.eu-west-1.amazonaws.com/id/C172E9DBF83EE4014801B46F98BCC21C:sub\":\"system:serviceaccount:kube-system:cluster-autoscaler-aws-cluster-autoscaler\",\"oidc.eks.eu-west-1.amazonaws.com/id/C172E9DBF83EE4014801B46F98BCC21C:aud\":\"sts.amazonaws.com\"}}}]}",
            "create_date": "2024-12-06T11:03:27Z",
            "description": "",
            "id": "cluster-autoscaler",
            "max_session_duration": 3600,
            "name": "cluster-autoscaler",
            "path": "/",
            "permissions_boundary": "",
            "role_last_used": [
              {
                "last_used_date": "2024-12-06T16:02:03Z",
                "region": "eu-west-1"
              }
            ],
            "tags": {
              "Env": "dev",
              "Service": "topcon-challenge"
            },
            "unique_id": "AROA42PHHNDM3JP6COQ4X"
          },
          "sensitive_attributes": []
        }
      ]
    },
    {
      "mode": "data",
      "type": "aws_region",
      "name": "current",
      "provider": "provider[\"registry.terraform.io/hashicorp/aws\"]",
      "instances": [
        {
          "schema_version": 0,
          "attributes": {
            "description": "Europe (Ireland)",
            "endpoint": "ec2.eu-west-1.amazonaws.com",
            "id": "eu-west-1",
            "name": "eu-west-1"
          },
          "sensitive_attributes": []
        }
      ]
    },
    {
      "mode": "managed",
      "type": "helm_release",
      "name": "cluster-autoscaler",
      "provider": "provider[\"registry.terraform.io/hashicorp/helm\"]",
      "instances": [
        {
          "schema_version": 1,
          "attributes": {
            "atomic": false,
            "chart": "cluster-autoscaler",
            "cleanup_on_fail": false,
            "create_namespace": false,
            "dependency_update": false,
            "description": null,
            "devel": null,
            "disable_crd_hooks": false,
            "disable_openapi_validation": false,
            "disable_webhooks": false,
            "force_update": false,
            "id": "cluster-autoscaler",
            "keyring": null,
            "lint": false,
            "manifest": null,
            "max_history": 0,
            "metadata": [
              {
                "app_version": "1.31.0",
                "chart": "cluster-autoscaler",
                "first_deployed": 1733485801,
                "last_deployed": 1733502659,
                "name": "cluster-autoscaler",
                "namespace": "kube-system",
                "notes": "\n\nTo verify that cluster-autoscaler has started, run:\n\n  kubectl --namespace=kube-system get pods -l \"app.kubernetes.io/name=aws-cluster-autoscaler,app.kubernetes.io/instance=cluster-autoscaler\"",
                "revision": 3,
                "values": "{\"autoDiscovery\":{\"clusterName\":\"topcon-challenge-dev\"},\"awsRegion\":\"eu-west-1\",\"fullnameOverride\":\"cluster-autoscaler\",\"rbac\":{\"serviceAccount\":{\"annotations\":{\"eks.amazonaws.com/role-arn\":\"arn:aws:iam::881490094297:role/cluster-autoscaler\"}}}}",
                "version": "9.43.2"
              }
            ],
            "name": "cluster-autoscaler",
            "namespace": "kube-system",
            "pass_credentials": false,
            "postrender": [],
            "recreate_pods": false,
            "render_subchart_notes": true,
            "replace": false,
            "repository": "https://kubernetes.github.io/autoscaler",
            "repository_ca_file": null,
            "repository_cert_file": null,
            "repository_key_file": null,
            "repository_password": null,
            "repository_username": null,
            "reset_values": false,
            "reuse_values": false,
            "set": [],
            "set_list": [],
            "set_sensitive": [],
            "skip_crds": false,
            "status": "deployed",
            "timeout": 300,
            "upgrade_install": null,
            "values": [
              "rbac:\n    serviceAccount:\n        annotations:\n            eks.amazonaws.com/role-arn: arn:aws:iam::881490094297:role/cluster-autoscaler\nautoDiscovery:\n    clusterName: topcon-challenge-dev\nawsRegion: eu-west-1\nfullnameOverride: cluster-autoscaler\n"
            ],
            "verify": false,
            "version": "9.43.2",
            "wait": true,
            "wait_for_jobs": false
          },
          "sensitive_attributes": [
            [
              {
                "type": "get_attr",
                "value": "repository_password"
              }
            ]
          ],
          "private": "eyJzY2hlbWFfdmVyc2lvbiI6IjEifQ==",
          "dependencies": [
            "data.aws_eks_cluster.topcon-dev",
            "data.aws_iam_role.cluster-autoscaler",
            "data.aws_region.current"
          ]
        }
      ]
    },
    {
      "mode": "managed",
      "type": "helm_release",
      "name": "topcon-wordpress",
      "provider": "provider[\"registry.terraform.io/hashicorp/helm\"]",
      "instances": [
        {
          "schema_version": 1,
          "attributes": {
            "atomic": false,
            "chart": "wordpress",
            "cleanup_on_fail": false,
            "create_namespace": false,
            "dependency_update": false,
            "description": null,
            "devel": null,
            "disable_crd_hooks": false,
            "disable_openapi_validation": false,
            "disable_webhooks": false,
            "force_update": false,
            "id": "topcon-challenge-dev-wordpress",
            "keyring": null,
            "lint": false,
            "manifest": null,
            "max_history": 0,
            "metadata": [
              {
                "app_version": "6.7.1",
                "chart": "wordpress",
                "first_deployed": 1733480319,
                "last_deployed": 1733480754,
                "name": "topcon-challenge-dev-wordpress",
                "namespace": "default",
                "notes": "CHART NAME: mariadb\nCHART VERSION: 20.1.1\nAPP VERSION: 11.4.4\n\n** Please be patient while the chart is being deployed **\n\nTip:\n\n  Watch the deployment status using the command: kubectl get pods -w --namespace default -l app.kubernetes.io/instance=topcon-challenge-dev-wordpress\n\nServices:\n\n  echo Primary: topcon-challenge-dev-wordpress-mariadb.default.svc.cluster.local:3306\n\nAdministrator credentials:\n\n  Username: root\n  Password : $(kubectl get secret --namespace default topcon-challenge-dev-wordpress-mariadb -o jsonpath=\"{.data.mariadb-root-password}\" | base64 -d)\n\nTo connect to your database:\n\n  1. Run a pod that you can use as a client:\n\n      kubectl run topcon-challenge-dev-wordpress-mariadb-client --rm --tty -i --restart='Never' --image  docker.io/bitnami/mariadb:11.4.4-debian-12-r0 --namespace default --command -- bash\n\n  2. To connect to primary service (read/write):\n\n      mysql -h topcon-challenge-dev-wordpress-mariadb.default.svc.cluster.local -uroot -p bitnami_wordpress\n\nTo upgrade this helm chart:\n\n  1. Obtain the password as described on the 'Administrator credentials' section and set the 'auth.rootPassword' parameter as shown below:\n\n      ROOT_PASSWORD=$(kubectl get secret --namespace default topcon-challenge-dev-wordpress-mariadb -o jsonpath=\"{.data.mariadb-root-password}\" | base64 -d)\n      helm upgrade --namespace default topcon-challenge-dev-wordpress oci://registry-1.docker.io/bitnamicharts/mariadb --set auth.rootPassword=$ROOT_PASSWORD\n\nWARNING: There are \"resources\" sections in the chart not set. Using \"resourcesPreset\" is not recommended for production. For production installations, please set the following values according to your workload needs:\n  - primary.resources\n  - secondary.resources\n+info https://kubernetes.io/docs/concepts/configuration/manage-resources-containers/\nCHART NAME: wordpress\nCHART VERSION: 24.0.10\nAPP VERSION: 6.7.1\n\n** Please be patient while the chart is being deployed **\n\nYour WordPress site can be accessed through the following DNS name from within your cluster:\n\n    topcon-challenge-dev-wordpress.default.svc.cluster.local (port 80)\n\nTo access your WordPress site from outside the cluster follow the steps below:\n\n1. Get the WordPress URL by running these commands:\n\n  NOTE: It may take a few minutes for the LoadBalancer IP to be available.\n        Watch the status with: 'kubectl get svc --namespace default -w topcon-challenge-dev-wordpress'\n\n   export SERVICE_IP=$(kubectl get svc --namespace default topcon-challenge-dev-wordpress --template \"{{ range (index .status.loadBalancer.ingress 0) }}{{ . }}{{ end }}\")\n   echo \"WordPress URL: http://$SERVICE_IP/\"\n   echo \"WordPress Admin URL: http://$SERVICE_IP/admin\"\n\n2. Open a browser and access WordPress using the obtained URL.\n\n3. Login with the following credentials below to see your blog:\n\n  echo Username: admin\n  echo Password: $(kubectl get secret --namespace default topcon-challenge-dev-wordpress -o jsonpath=\"{.data.wordpress-password}\" | base64 -d)\n\nWARNING: There are \"resources\" sections in the chart not set. Using \"resourcesPreset\" is not recommended for production. For production installations, please set the following values according to your workload needs:\n  - resources\n+info https://kubernetes.io/docs/concepts/configuration/manage-resources-containers/\n\n⚠ SECURITY WARNING: Original containers have been substituted. This Helm chart was designed, tested, and validated on multiple platforms using a specific set of Bitnami and Tanzu Application Catalog containers. Substituting other containers is likely to cause degraded security and performance, broken chart features, and missing environment variables.\n\nSubstituted images detected:\n  - 881490094297.dkr.ecr.eu-west-1.amazonaws.com/topcon-challenge-dev:b483060b16420825cb72bba5135966c800d70dac",
                "revision": 2,
                "values": "{\"autoscaling\":{\"enabled\":true,\"maxReplicas\":10,\"minReplicas\":2,\"targetCPU\":50,\"targetMemory\":50},\"global\":{\"defaultStorageClass\":\"gp2\"},\"image\":{\"registry\":\"881490094297.dkr.ecr.eu-west-1.amazonaws.com\",\"repository\":\"topcon-challenge-dev\",\"tag\":\"b483060b16420825cb72bba5135966c800d70dac\"},\"mariadb\":{\"auth\":{\"rootPassword\":\"secretpassword\"}},\"wordpressPassword\":\"password\",\"wordpressUsername\":\"admin\"}",
                "version": "24.0.10"
              }
            ],
            "name": "topcon-challenge-dev-wordpress",
            "namespace": "default",
            "pass_credentials": false,
            "postrender": [],
            "recreate_pods": false,
            "render_subchart_notes": true,
            "replace": false,
            "repository": "oci://registry-1.docker.io/bitnamicharts/",
            "repository_ca_file": null,
            "repository_cert_file": null,
            "repository_key_file": null,
            "repository_password": null,
            "repository_username": null,
            "reset_values": false,
            "reuse_values": false,
            "set": [],
            "set_list": [],
            "set_sensitive": [],
            "skip_crds": false,
            "status": "deployed",
            "timeout": 300,
            "upgrade_install": null,
            "values": [
              "global:\n  defaultStorageClass: gp2\nimage:\n  registry: 881490094297.dkr.ecr.eu-west-1.amazonaws.com # Should be pulled dynamically\n  repository: topcon-challenge-dev # Should be pulled dynamically\n  tag: b483060b16420825cb72bba5135966c800d70dac # Should be pulled dynamically\nmariadb:\n  auth:\n    rootPassword: secretpassword # Could be pulled from secrets\nwordpressUsername: admin\nwordpressPassword: password # Could be pulled from secrets\nautoscaling:\n  enabled: true\n  minReplicas: 2\n  maxReplicas: 10\n  targetCPU: 50\n  targetMemory: 50\n"
            ],
            "verify": false,
            "version": "24.0.10",
            "wait": true,
            "wait_for_jobs": false
          },
          "sensitive_attributes": [
            [
              {
                "type": "get_attr",
                "value": "repository_password"
              }
            ]
          ],
          "private": "eyJzY2hlbWFfdmVyc2lvbiI6IjEifQ=="
        }
      ]
    }
  ],
  "check_results": [
    {
      "object_kind": "var",
      "config_addr": "var.env",
      "status": "pass",
      "objects": [
        {
          "object_addr": "var.env",
          "status": "pass"
        }
      ]
    }
  ]
}
